
Microsoft Visual Studio Solution File, Format Version 12.00
# Visual Studio Version 17
VisualStudioVersion = 17.0.31903.59
MinimumVisualStudioVersion = 10.0.40219.1
Project("{FAE04EC0-301F-11D3-BF4B-00C04F79EFBC}") = "carbonQLBackend", "carbonQLBackend\carbonQLBackend.csproj", "{11FCC40A-3484-46AC-8A2B-6C545A478FEF}"
EndProject
Project("{FAE04EC0-301F-11D3-BF4B-00C04F79EFBC}") = "carbonQLConsole", "carbonQLConsole\carbonQLConsole.csproj", "{FA228FD8-C190-49E0-9B1C-7DAF529437C4}"
EndProject
Global
	GlobalSection(SolutionConfigurationPlatforms) = preSolution
		Debug|Any CPU = Debug|Any CPU
		Release|Any CPU = Release|Any CPU
	EndGlobalSection
	GlobalSection(SolutionProperties) = preSolution
		HideSolutionNode = FALSE
	EndGlobalSection
	GlobalSection(ProjectConfigurationPlatforms) = postSolution
		{11FCC40A-3484-46AC-8A2B-6C545A478FEF}.Debug|Any CPU.ActiveCfg = Debug|Any CPU
		{11FCC40A-3484-46AC-8A2B-6C545A478FEF}.Debug|Any CPU.Build.0 = Debug|Any CPU
		{11FCC40A-3484-46AC-8A2B-6C545A478FEF}.Release|Any CPU.ActiveCfg = Release|Any CPU
		{11FCC40A-3484-46AC-8A2B-6C545A478FEF}.Release|Any CPU.Build.0 = Release|Any CPU
		{FA228FD8-C190-49E0-9B1C-7DAF529437C4}.Debug|Any CPU.ActiveCfg = Debug|Any CPU
		{FA228FD8-C190-49E0-9B1C-7DAF529437C4}.Debug|Any CPU.Build.0 = Debug|Any CPU
		{FA228FD8-C190-49E0-9B1C-7DAF529437C4}.Release|Any CPU.ActiveCfg = Release|Any CPU
		{FA228FD8-C190-49E0-9B1C-7DAF529437C4}.Release|Any CPU.Build.0 = Release|Any CPU
	EndGlobalSection
EndGlobal
